{
  "name": "ts base",
  "version": "1.0.0",
  "lockfileVersion": 1,
  "requires": true,
  "dependencies": {
    "easystarjs": {
      "version": "0.4.3",
      "resolved": "https://registry.npmjs.org/easystarjs/-/easystarjs-0.4.3.tgz",
      "integrity": "sha512-1h+ICk/I8gmdwaDjlP7q02LgOfcMH01FMDpJVD1ig//oYPmfFMnCZR2DNqajTD9v7JfVrJdqZuZO7TX2DdNQ6A==",
      "requires": {
        "heap": "0.2.6"
      }
    },
    "es6-module-loader": {
      "version": "0.17.11",
      "resolved": "https://registry.npmjs.org/es6-module-loader/-/es6-module-loader-0.17.11.tgz",
      "integrity": "sha1-CU8ELjtNMIa8/Rc4Cv+r38mfNdc=",
      "requires": {
        "when": "^3.7.2"
      }
    },
    "heap": {
      "version": "0.2.6",
      "resolved": "https://registry.npmjs.org/heap/-/heap-0.2.6.tgz",
      "integrity": "sha1-CH4fELBGky/IWU3Z5tN4r8nR5aw="
    },
    "systemjs": {
      "version": "0.19.23",
      "resolved": "https://registry.npmjs.org/systemjs/-/systemjs-0.19.23.tgz",
      "integrity": "sha1-79WS2aSXc9biSNeGcaUQPAqjb70=",
      "requires": {
        "es6-module-loader": "^0.17.10",
        "when": "^3.7.5"
      }
    },
    "when": {
      "version": "3.7.7",
      "resolved": "https://registry.npmjs.org/when/-/when-3.7.7.tgz",
      "integrity": "sha1-q6A/w7tzbWyIsJHQE9io5ZDYRxg="
    }
  }
}
